{
  "lockfile_version": "1",
  "packages": {
    "dos2unix@latest": {
      "last_modified": "2026-04-23T13:07:47Z",
      "resolved": "github:NixOS/nixpkgs/01fbdeef22b76df85ea168fbfe1bfd9e63681b30#dos2unix",
      "source": "devbox-search",
      "version": "7.5.4",
      "systems": {
        "aarch64-darwin": {
          "outputs": [
            {
              "name": "out",
              "path": "/nix/store/jimvsv3w0k6z34564699yvy03hffkn47-dos2unix-7.5.4",
              "default": true
            }
          ],
          "store_path": "/nix/store/jimvsv3w0k6z34564699yvy03hffkn47-dos2unix-7.5.4"
        },
        "aarch64-linux": {
          "outputs": [
            {
              "name": "out",
              "path": "/nix/store/ahprfbr7znmcmzhd25rk1q24zf14mdmk-dos2unix-7.5.4",
              "default": true
            }
          ],
          "store_path": "/nix/store/ahprfbr7znmcmzhd25rk1q24zf14mdmk-dos2unix-7.5.4"
        },
        "x86_64-darwin": {
          "outputs": [
            {
              "name": "out",
              "path": "/nix/store/hqan63kfx3vgpm9cs1rjlb4lmvfhpvkn-dos2unix-7.5.4",
              "default": true
            }
          ],
          "store_path": "/nix/store/hqan63kfx3vgpm9cs1rjlb4lmvfhpvkn-dos2unix-7.5.4"
        },
        "x86_64-linux": {
          "outputs": [
            {
              "name": "out",
              "path": "/nix/store/y86y9qqryf7zldlwcnghhvy2d1xmh14x-dos2unix-7.5.4",
              "default": true
            }
          ],
          "store_path": "/nix/store/y86y9qqryf7zldlwcnghhvy2d1xmh14x-dos2unix-7.5.4"
        }
      }
    },
    "github:NixOS/nixpkgs/nixpkgs-unstable": {
      "last_modified": "2026-05-20T06:38:13Z",
      "resolved": "github:NixOS/nixpkgs/d99b013d5d1931ad77fe3912ed218170dec5d9a4?lastModified=1779259093&narHash=sha256-7DKWmH23hL2eYdkxCKeqj2i%2ByljTKuU%2B3Nk1UPHOnxc%3D"
    },
    "python313Packages.appdirs@latest": {
      "last_modified": "2026-04-23T13:07:47Z",
      "resolved": "github:NixOS/nixpkgs/01fbdeef22b76df85ea168fbfe1bfd9e63681b30#python313Packages.appdirs",
      "source": "devbox-search",
      "version": "1.4.4",
      "systems": {
        "aarch64-darwin": {
          "outputs": [
            {
              "name": "out",
              "path": "/nix/store/f8xp4n5r6hrwkqq9m5icvg1kz6fmngjr-python3.13-appdirs-1.4.4",
              "default": true
            },
            {
              "name": "dist",
              "path": "/nix/store/cyrlpwfplxpya30k0bw57z7vql2w0nbv-python3.13-appdirs-1.4.4-dist"
            }
          ],
          "store_path": "/nix/store/f8xp4n5r6hrwkqq9m5icvg1kz6fmngjr-python3.13-appdirs-1.4.4"
        },
        "aarch64-linux": {
          "outputs": [
            {
              "name": "out",
              "path": "/nix/store/pmddzf5x14gkvl0j3rassphg6swp9v6d-python3.13-appdirs-1.4.4",
              "default": true
            },
            {
              "name": "dist",
              "path": "/nix/store/5y571dzahz6yrlkl4ki369dsihla1nxs-python3.13-appdirs-1.4.4-dist"
            }
          ],
          "store_path": "/nix/store/pmddzf5x14gkvl0j3rassphg6swp9v6d-python3.13-appdirs-1.4.4"
        },
        "x86_64-darwin": {
          "outputs": [
            {
              "name": "out",
              "path": "/nix/store/0lfl6fzkp7yw4f0fvqc7dbxj2qj7b6mw-python3.13-appdirs-1.4.4",
              "default": true
            },
            {
              "name": "dist",
              "path": "/nix/store/vd6wqq6xqnm89zqpc9ylrm6nidp3aql7-python3.13-appdirs-1.4.4-dist"
            }
          ],
          "store_path": "/nix/store/0lfl6fzkp7yw4f0fvqc7dbxj2qj7b6mw-python3.13-appdirs-1.4.4"
        },
        "x86_64-linux": {
          "outputs": [
            {
              "name": "out",
              "path": "/nix/store/l0n9yyg51qa3b9m8mcd5qmm3c4lg00di-python3.13-appdirs-1.4.4",
              "default": true
            },
            {
              "name": "dist",
              "path": "/nix/store/g85c0iaj6ddv08ifnzjlnfxv3ddf3n6i-python3.13-appdirs-1.4.4-dist"
            }
          ],
          "store_path": "/nix/store/l0n9yyg51qa3b9m8mcd5qmm3c4lg00di-python3.13-appdirs-1.4.4"
        }
      }
    },
    "qmk@1.2.0": {
      "last_modified": "2026-05-11T00:16:55Z",
      "resolved": "github:NixOS/nixpkgs/c6e5ca3c836a5f4dd9af9f2c1fc1c38f0fac988a#qmk",
      "source": "devbox-search",
      "version": "1.2.0",
      "systems": {
        "aarch64-darwin": {
          "outputs": [
            {
              "name": "out",
              "path": "/nix/store/la4dq153l9f35bbvjkw9w3lllk1vbjsy-qmk-1.2.0",
              "default": true
            },
            {
              "name": "dist",
              "path": "/nix/store/i808xp0lk8z1476v8xma4nay1yhigplq-qmk-1.2.0-dist"
            }
          ],
          "store_path": "/nix/store/la4dq153l9f35bbvjkw9w3lllk1vbjsy-qmk-1.2.0"
        },
        "aarch64-linux": {
          "outputs": [
            {
              "name": "out",
              "path": "/nix/store/25nhv1f5rs8hs8vg883s987lagr1d5hd-qmk-1.2.0",
              "default": true
            },
            {
              "name": "dist",
              "path": "/nix/store/v618fl8jqc7bp834k70a69wl2i75vmn5-qmk-1.2.0-dist"
            }
          ],
          "store_path": "/nix/store/25nhv1f5rs8hs8vg883s987lagr1d5hd-qmk-1.2.0"
        },
        "x86_64-linux": {
          "outputs": [
            {
              "name": "out",
              "path": "/nix/store/pfh1rhjyyfws19fx82qmcmbssjyrsbba-qmk-1.2.0",
              "default": true
            },
            {
              "name": "dist",
              "path": "/nix/store/g4880hf0fbsslpv9cdzivj2gsshra9s4-qmk-1.2.0-dist"
            }
          ],
          "store_path": "/nix/store/pfh1rhjyyfws19fx82qmcmbssjyrsbba-qmk-1.2.0"
        }
      }
    }
  }
}
